
Microsoft Visual Studio Solution File, Format Version 12.00
# Visual Studio Version 16
VisualStudioVersion = 16.0.30225.117
MinimumVisualStudioVersion = 10.0.40219.1
Project("{8BC9CEB8-8B4A-11D0-8D11-00A0C91BC942}") = "do_asm", "do_asm\do_asm.vcxproj", "{0BA9AD77-E85E-487A-BC78-186395F7E27F}"
EndProject
Global
	GlobalSection(SolutionConfigurationPlatforms) = preSolution
		Debug|x64 = Debug|x64
		Debug|x86 = Debug|x86
		Release|x64 = Release|x64
		Release|x86 = Release|x86
	EndGlobalSection
	GlobalSection(ProjectConfigurationPlatforms) = postSolution
		{0BA9AD77-E85E-487A-BC78-186395F7E27F}.Debug|x64.ActiveCfg = Debug|x64
		{0BA9AD77-E85E-487A-BC78-186395F7E27F}.Debug|x64.Build.0 = Debug|x64
		{0BA9AD77-E85E-487A-BC78-186395F7E27F}.Debug|x86.ActiveCfg = Debug|Win32
		{0BA9AD77-E85E-487A-BC78-186395F7E27F}.Debug|x86.Build.0 = Debug|Win32
		{0BA9AD77-E85E-487A-BC78-186395F7E27F}.Release|x64.ActiveCfg = Release|x64
		{0BA9AD77-E85E-487A-BC78-186395F7E27F}.Release|x64.Build.0 = Release|x64
		{0BA9AD77-E85E-487A-BC78-186395F7E27F}.Release|x86.ActiveCfg = Release|Win32
		{0BA9AD77-E85E-487A-BC78-186395F7E27F}.Release|x86.Build.0 = Release|Win32
	EndGlobalSection
	GlobalSection(SolutionProperties) = preSolution
		HideSolutionNode = FALSE
	EndGlobalSection
	GlobalSection(ExtensibilityGlobals) = postSolution
		SolutionGuid = {845B3DE2-6954-40EA-B8FA-9CAC83183B9E}
	EndGlobalSection
EndGlobal
